// !$*UTF8*$!
{
	archiveVersion = 1;
	classes = {
	};
	objectVersion = 50;
	objects = {

/* Begin PBXBuildFile section */
		2558EE7E24D7CB55001ADE46 /* AppDelegate.swift in Sources */ = {isa = PBXBuildFile; fileRef = 2558EE7D24D7CB55001ADE46 /* AppDelegate.swift */; };
		2558EE8024D7CB55001ADE46 /* SceneDelegate.swift in Sources */ = {isa = PBXBuildFile; fileRef = 2558EE7F24D7CB55001ADE46 /* SceneDelegate.swift */; };
		2558EE8224D7CB55001ADE46 /* ViewController.swift in Sources */ = {isa = PBXBuildFile; fileRef = 2558EE8124D7CB55001ADE46 /* ViewController.swift */; };
		2558EE8524D7CB55001ADE46 /* Main.storyboard in Resources */ = {isa = PBXBuildFile; fileRef = 2558EE8324D7CB55001ADE46 /* Main.storyboard */; };
		2558EE8724D7CB59001ADE46 /* Assets.xcassets in Resources */ = {isa = PBXBuildFile; fileRef = 2558EE8624D7CB59001ADE46 /* Assets.xcassets */; };
		2558EE8A24D7CB59001ADE46 /* LaunchScreen.storyboard in Resources */ = {isa = PBXBuildFile; fileRef = 2558EE8824D7CB59001ADE46 /* LaunchScreen.storyboard */; };
		2558EE9524D7CB59001ADE46 /* Tip_CalculatorTests.swift in Sources */ = {isa = PBXBuildFile; fileRef = 2558EE9424D7CB59001ADE46 /* Tip_CalculatorTests.swift */; };
		2558EEA024D7CB59001ADE46 /* Tip_CalculatorUITests.swift in Sources */ = {isa = PBXBuildFile; fileRef = 2558EE9F24D7CB59001ADE46 /* Tip_CalculatorUITests.swift */; };
/* End PBXBuildFile section */

/* Begin PBXContainerItemProxy section */
		2558EE9124D7CB59001ADE46 /* PBXContainerItemProxy */ = {
			isa = PBXContainerItemProxy;
			containerPortal = 2558EE7224D7CB55001ADE46 /* Project object */;
			proxyType = 1;
			remoteGlobalIDString = 2558EE7924D7CB55001ADE46;
			remoteInfo = "Tip Calculator";
		};
		2558EE9C24D7CB59001ADE46 /* PBXContainerItemProxy */ = {
			isa = PBXContainerItemProxy;
			containerPortal = 2558EE7224D7CB55001ADE46 /* Project object */;
			proxyType = 1;
			remoteGlobalIDString = 2558EE7924D7CB55001ADE46;
			remoteInfo = "Tip Calculator";
		};
/* End PBXContainerItemProxy section */

/* Begin PBXFileReference section */
		2558EE7A24D7CB55001ADE46 /* Tip Calculator.app */ = {isa = PBXFileReference; explicitFileType = wrapper.application; includeInIndex = 0; path = "Tip Calculator.app"; sourceTree = BUILT_PRODUCTS_DIR; };
		2558EE7D24D7CB55001ADE46 /* AppDelegate.swift */ = {isa = PBXFileReference; lastKnownFileType = sourcecode.swift; path = AppDelegate.swift; sourceTree = "<group>"; };
		2558EE7F24D7CB55001ADE46 /* SceneDelegate.swift */ = {isa = PBXFileReference; lastKnownFileType = sourcecode.swift; path = SceneDelegate.swift; sourceTree = "<group>"; };
		2558EE8124D7CB55001ADE46 /* ViewController.swift */ = {isa = PBXFileReference; lastKnownFileType = sourcecode.swift; path = ViewController.swift; sourceTree = "<group>"; };
		2558EE8424D7CB55001ADE46 /* Base */ = {isa = PBXFileReference; lastKnownFileType = file.storyboard; name = Base; path = Base.lproj/Main.storyboard; sourceTree = "<group>"; };
		2558EE8624D7CB59001ADE46 /* Assets.xcassets */ = {isa = PBXFileReference; lastKnownFileType = folder.assetcatalog; path = Assets.xcassets; sourceTree = "<group>"; };
		2558EE8924D7CB59001ADE46 /* Base */ = {isa = PBXFileReference; lastKnownFileType = file.storyboard; name = Base; path = Base.lproj/LaunchScreen.storyboard; sourceTree = "<group>"; };
		2558EE8B24D7CB59001ADE46 /* Info.plist */ = {isa = PBXFileReference; lastKnownFileType = text.plist.xml; path = Info.plist; sourceTree = "<group>"; };
		2558EE9024D7CB59001ADE46 /* Tip CalculatorTests.xctest */ = {isa = PBXFileReference; explicitFileType = wrapper.cfbundle; includeInIndex = 0; path = "Tip CalculatorTests.xctest"; sourceTree = BUILT_PRODUCTS_DIR; };
		2558EE9424D7CB59001ADE46 /* Tip_CalculatorTests.swift */ = {isa = PBXFileReference; lastKnownFileType = sourcecode.swift; path = Tip_CalculatorTests.swift; sourceTree = "<group>"; };
		2558EE9624D7CB59001ADE46 /* Info.plist */ = {isa = PBXFileReference; lastKnownFileType = text.plist.xml; path = Info.plist; sourceTree = "<group>"; };
		2558EE9B24D7CB59001ADE46 /* Tip CalculatorUITests.xctest */ = {isa = PBXFileReference; explicitFileType = wrapper.cfbundle; includeInIndex = 0; path = "Tip CalculatorUITests.xctest"; sourceTree = BUILT_PRODUCTS_DIR; };
		2558EE9F24D7CB59001ADE46 /* Tip_CalculatorUITests.swift */ = {isa = PBXFileReference; lastKnownFileType = sourcecode.swift; path = Tip_CalculatorUITests.swift; sourceTree = "<group>"; };
		2558EEA124D7CB59001ADE46 /* Info.plist */ = {isa = PBXFileReference; lastKnownFileType = text.plist.xml; path = Info.plist; sourceTree = "<group>"; };
/* End PBXFileReference section */

/* Begin PBXFrameworksBuildPhase section */
		2558EE7724D7CB55001ADE46 /* Frameworks */ = {
			isa = PBXFrameworksBuildPhase;
			buildActionMask = 2147483647;
			files = (
			);
			runOnlyForDeploymentPostprocessing = 0;
		};
		2558EE8D24D7CB59001ADE46 /* Frameworks */ = {
			isa = PBXFrameworksBuildPhase;
			buildActionMask = 2147483647;
			files = (
			);
			runOnlyForDeploymentPostprocessing = 0;
		};
		2558EE9824D7CB59001ADE46 /* Frameworks */ = {
			isa = PBXFrameworksBuildPhase;
			buildActionMask = 2147483647;
			files = (
			);
			runOnlyForDeploymentPostprocessing = 0;
		};
/* End PBXFrameworksBuildPhase section */

/* Begin PBXGroup section */
		2558EE7124D7CB55001ADE46 = {
			isa = PBXGroup;
			children = (
				2558EE7C24D7CB55001ADE46 /* Tip Calculator */,
				2558EE9324D7CB59001ADE46 /* Tip CalculatorTests */,
				2558EE9E24D7CB59001ADE46 /* Tip CalculatorUITests */,
				2558EE7B24D7CB55001ADE46 /* Products */,
			);
			sourceTree = "<group>";
		};
		2558EE7B24D7CB55001ADE46 /* Products */ = {
			isa = PBXGroup;
			children = (
				2558EE7A24D7CB55001ADE46 /* Tip Calculator.app */,
				2558EE9024D7CB59001ADE46 /* Tip CalculatorTests.xctest */,
				2558EE9B24D7CB59001ADE46 /* Tip CalculatorUITests.xctest */,
			);
			name = Products;
			sourceTree = "<group>";
		};
		2558EE7C24D7CB55001ADE46 /* Tip Calculator */ = {
			isa = PBXGroup;
			children = (
				2558EE7D24D7CB55001ADE46 /* AppDelegate.swift */,
				2558EE7F24D7CB55001ADE46 /* SceneDelegate.swift */,
				2558EE8124D7CB55001ADE46 /* ViewController.swift */,
				2558EE8324D7CB55001ADE46 /* Main.storyboard */,
				2558EE8624D7CB59001ADE46 /* Assets.xcassets */,
				2558EE8824D7CB59001ADE46 /* LaunchScreen.storyboard */,
				2558EE8B24D7CB59001ADE46 /* Info.plist */,
			);
			path = "Tip Calculator";
			sourceTree = "<group>";
		};
		2558EE9324D7CB59001ADE46 /* Tip CalculatorTests */ = {
			isa = PBXGroup;
			children = (
				2558EE9424D7CB59001ADE46 /* Tip_CalculatorTests.swift */,
				2558EE9624D7CB59001ADE46 /* Info.plist */,
			);
			path = "Tip CalculatorTests";
			sourceTree = "<group>";
		};
		2558EE9E24D7CB59001ADE46 /* Tip CalculatorUITests */ = {
			isa = PBXGroup;
			children = (
				2558EE9F24D7CB59001ADE46 /* Tip_CalculatorUITests.swift */,
				2558EEA124D7CB59001ADE46 /* Info.plist */,
			);
			path = "Tip CalculatorUITests";
			sourceTree = "<group>";
		};
/* End PBXGroup section */

/* Begin PBXNativeTarget section */
		2558EE7924D7CB55001ADE46 /* Tip Calculator */ = {
			isa = PBXNativeTarget;
			buildConfigurationList = 2558EEA424D7CB59001ADE46 /* Build configuration list for PBXNativeTarget "Tip Calculator" */;
			buildPhases = (
				2558EE7624D7CB55001ADE46 /* Sources */,
				2558EE7724D7CB55001ADE46 /* Frameworks */,
				2558EE7824D7CB55001ADE46 /* Resources */,
			);
			buildRules = (
			);
			dependencies = (
			);
			name = "Tip Calculator";
			productName = "Tip Calculator";
			productReference = 2558EE7A24D7CB55001ADE46 /* Tip Calculator.app */;
			productType = "com.apple.product-type.application";
		};
		2558EE8F24D7CB59001ADE46 /* Tip CalculatorTests */ = {
			isa = PBXNativeTarget;
			buildConfigurationList = 2558EEA724D7CB59001ADE46 /* Build configuration list for PBXNativeTarget "Tip CalculatorTests" */;
			buildPhases = (
				2558EE8C24D7CB59001ADE46 /* Sources */,
				2558EE8D24D7CB59001ADE46 /* Frameworks */,
				2558EE8E24D7CB59001ADE46 /* Resources */,
			);
			buildRules = (
			);
			dependencies = (
				2558EE9224D7CB59001ADE46 /* PBXTargetDependency */,
			);
			name = "Tip CalculatorTests";
			productName = "Tip CalculatorTests";
			productReference = 2558EE9024D7CB59001ADE46 /* Tip CalculatorTests.xctest */;
			productType = "com.apple.product-type.bundle.unit-test";
		};
		2558EE9A24D7CB59001ADE46 /* Tip CalculatorUITests */ = {
			isa = PBXNativeTarget;
			buildConfigurationList = 2558EEAA24D7CB59001ADE46 /* Build configuration list for PBXNativeTarget "Tip CalculatorUITests" */;
			buildPhases = (
				2558EE9724D7CB59001ADE46 /* Sources */,
				2558EE9824D7CB59001ADE46 /* Frameworks */,
				2558EE9924D7CB59001ADE46 /* Resources */,
			);
			buildRules = (
			);
			dependencies = (
				2558EE9D24D7CB59001ADE46 /* PBXTargetDependency */,
			);
			name = "Tip CalculatorUITests";
			productName = "Tip CalculatorUITests";
			productReference = 2558EE9B24D7CB59001ADE46 /* Tip CalculatorUITests.xctest */;
			productType = "com.apple.product-type.bundle.ui-testing";
		};
/* End PBXNativeTarget section */

/* Begin PBXProject section */
		2558EE7224D7CB55001ADE46 /* Project object */ = {
			isa = PBXProject;
			attributes = {
				LastSwiftUpdateCheck = 1160;
				LastUpgradeCheck = 1160;
				TargetAttributes = {
					2558EE7924D7CB55001ADE46 = {
						CreatedOnToolsVersion = 11.6;
					};
					2558EE8F24D7CB59001ADE46 = {
						CreatedOnToolsVersion = 11.6;
						TestTargetID = 2558EE7924D7CB55001ADE46;
					};
					2558EE9A24D7CB59001ADE46 = {
						CreatedOnToolsVersion = 11.6;
						TestTargetID = 2558EE7924D7CB55001ADE46;
					};
				};
			};
			buildConfigurationList = 2558EE7524D7CB55001ADE46 /* Build configuration list for PBXProject "Tip Calculator" */;
			compatibilityVersion = "Xcode 9.3";
			developmentRegion = en;
			hasScannedForEncodings = 0;
			knownRegions = (
				en,
				Base,
			);
			mainGroup = 2558EE7124D7CB55001ADE46;
			productRefGroup = 2558EE7B24D7CB55001ADE46 /* Products */;
			projectDirPath = "";
			projectRoot = "";
			targets = (
				2558EE7924D7CB55001ADE46 /* Tip Calculator */,
				2558EE8F24D7CB59001ADE46 /* Tip CalculatorTests */,
				2558EE9A24D7CB59001ADE46 /* Tip CalculatorUITests */,
			);
		};
/* End PBXProject section */

/* Begin PBXResourcesBuildPhase section */
		2558EE7824D7CB55001ADE46 /* Resources */ = {
			isa = PBXResourcesBuildPhase;
			buildActionMask = 2147483647;
			files = (
				2558EE8A24D7CB59001ADE46 /* LaunchScreen.storyboard in Resources */,
				2558EE8724D7CB59001ADE46 /* Assets.xcassets in Resources */,
				2558EE8524D7CB55001ADE46 /* Main.storyboard in Resources */,
			);
			runOnlyForDeploymentPostprocessing = 0;
		};
		2558EE8E24D7CB59001ADE46 /* Resources */ = {
			isa = PBXResourcesBuildPhase;
			buildActionMask = 2147483647;
			files = (
			);
			runOnlyForDeploymentPostprocessing = 0;
		};
		2558EE9924D7CB59001ADE46 /* Resources */ = {
			isa = PBXResourcesBuildPhase;
			buildActionMask = 2147483647;
			files = (
			);
			runOnlyForDeploymentPostprocessing = 0;
		};
/* End PBXResourcesBuildPhase section */

/* Begin PBXSourcesBuildPhase section */
		2558EE7624D7CB55001ADE46 /* Sources */ = {
			isa = PBXSourcesBuildPhase;
			buildActionMask = 2147483647;
			files = (
				2558EE8224D7CB55001ADE46 /* ViewController.swift in Sources */,
				2558EE7E24D7CB55001ADE46 /* AppDelegate.swift in Sources */,
				2558EE8024D7CB55001ADE46 /* SceneDelegate.swift in Sources */,
			);
			runOnlyForDeploymentPostprocessing = 0;
		};
		2558EE8C24D7CB59001ADE46 /* Sources */ = {
			isa = PBXSourcesBuildPhase;
			buildActionMask = 2147483647;
			files = (
				2558EE9524D7CB59001ADE46 /* Tip_CalculatorTests.swift in Sources */,
			);
			runOnlyForDeploymentPostprocessing = 0;
		};
		2558EE9724D7CB59001ADE46 /* Sources */ = {
			isa = PBXSourcesBuildPhase;
			buildActionMask = 2147483647;
			files = (
				2558EEA024D7CB59001ADE46 /* Tip_CalculatorUITests.swift in Sources */,
			);
			runOnlyForDeploymentPostprocessing = 0;
		};
/* End PBXSourcesBuildPhase section */

/* Begin PBXTargetDependency section */
		2558EE9224D7CB59001ADE46 /* PBXTargetDependency */ = {
			isa = PBXTargetDependency;
			target = 2558EE7924D7CB55001ADE46 /* Tip Calculator */;
			targetProxy = 2558EE9124D7CB59001ADE46 /* PBXContainerItemProxy */;
		};
		2558EE9D24D7CB59001ADE46 /* PBXTargetDependency */ = {
			isa = PBXTargetDependency;
			target = 2558EE7924D7CB55001ADE46 /* Tip Calculator */;
			targetProxy = 2558EE9C24D7CB59001ADE46 /* PBXContainerItemProxy */;
		};
/* End PBXTargetDependency section */

/* Begin PBXVariantGroup section */
		2558EE8324D7CB55001ADE46 /* Main.storyboard */ = {
			isa = PBXVariantGroup;
			children = (
				2558EE8424D7CB55001ADE46 /* Base */,
			);
			name = Main.storyboard;
			sourceTree = "<group>";
		};
		2558EE8824D7CB59001ADE46 /* LaunchScreen.storyboard */ = {
			isa = PBXVariantGroup;
			children = (
				2558EE8924D7CB59001ADE46 /* Base */,
			);
			name = LaunchScreen.storyboard;
			sourceTree = "<group>";
		};
/* End PBXVariantGroup section */

/* Begin XCBuildConfiguration section */
		2558EEA224D7CB59001ADE46 /* Debug */ = {
			isa = XCBuildConfiguration;
			buildSettings = {
				ALWAYS_SEARCH_USER_PATHS = NO;
				CLANG_ANALYZER_NONNULL = YES;
				CLANG_ANALYZER_NUMBER_OBJECT_CONVERSION = YES_AGGRESSIVE;
				CLANG_CXX_LANGUAGE_STANDARD = "gnu++14";
				CLANG_CXX_LIBRARY = "libc++";
				CLANG_ENABLE_MODULES = YES;
				CLANG_ENABLE_OBJC_ARC = YES;
				CLANG_ENABLE_OBJC_WEAK = YES;
				CLANG_WARN_BLOCK_CAPTURE_AUTORELEASING = YES;
				CLANG_WARN_BOOL_CONVERSION = YES;
				CLANG_WARN_COMMA = YES;
				CLANG_WARN_CONSTANT_CONVERSION = YES;
				CLANG_WARN_DEPRECATED_OBJC_IMPLEMENTATIONS = YES;
				CLANG_WARN_DIRECT_OBJC_ISA_USAGE = YES_ERROR;
				CLANG_WARN_DOCUMENTATION_COMMENTS = YES;
				CLANG_WARN_EMPTY_BODY = YES;
				CLANG_WARN_ENUM_CONVERSION = YES;
				CLANG_WARN_INFINITE_RECURSION = YES;
				CLANG_WARN_INT_CONVERSION = YES;
				CLANG_WARN_NON_LITERAL_NULL_CONVERSION = YES;
				CLANG_WARN_OBJC_IMPLICIT_RETAIN_SELF = YES;
				CLANG_WARN_OBJC_LITERAL_CONVERSION = YES;
				CLANG_WARN_OBJC_ROOT_CLASS = YES_ERROR;
				CLANG_WARN_RANGE_LOOP_ANALYSIS = YES;
				CLANG_WARN_STRICT_PROTOTYPES = YES;
				CLANG_WARN_SUSPICIOUS_MOVE = YES;
				CLANG_WARN_UNGUARDED_AVAILABILITY = YES_AGGRESSIVE;
				CLANG_WARN_UNREACHABLE_CODE = YES;
				CLANG_WARN__DUPLICATE_METHOD_MATCH = YES;
				COPY_PHASE_STRIP = NO;
				DEBUG_INFORMATION_FORMAT = dwarf;
				ENABLE_STRICT_OBJC_MSGSEND = YES;
				ENABLE_TESTABILITY = YES;
				GCC_C_LANGUAGE_STANDARD = gnu11;
				GCC_DYNAMIC_NO_PIC = NO;
				GCC_NO_COMMON_BLOCKS = YES;
				GCC_OPTIMIZATION_LEVEL = 0;
				GCC_PREPROCESSOR_DEFINITIONS = (
					"DEBUG=1",
					"$(inherited)",
				);
				GCC_WARN_64_TO_32_BIT_CONVERSION = YES;
				GCC_WARN_ABOUT_RETURN_TYPE = YES_ERROR;
				GCC_WARN_UNDECLARED_SELECTOR = YES;
				GCC_WARN_UNINITIALIZED_AUTOS = YES_AGGRESSIVE;
				GCC_WARN_UNUSED_FUNCTION = YES;
				GCC_WARN_UNUSED_VARIABLE = YES;
				IPHONEOS_DEPLOYMENT_TARGET = 13.6;
				MTL_ENABLE_DEBUG_INFO = INCLUDE_SOURCE;
				MTL_FAST_MATH = YES;
				ONLY_ACTIVE_ARCH = YES;
				SDKROOT = iphoneos;
				SWIFT_ACTIVE_COMPILATION_CONDITIONS = DEBUG;
				SWIFT_OPTIMIZATION_LEVEL = "-Onone";
			};
			name = Debug;
		};
		2558EEA324D7CB59001ADE46 /* Release */ = {
			isa = XCBuildConfiguration;
			buildSettings = {
				ALWAYS_SEARCH_USER_PATHS = NO;
				CLANG_ANALYZER_NONNULL = YES;
				CLANG_ANALYZER_NUMBER_OBJECT_CONVERSION = YES_AGGRESSIVE;
				CLANG_CXX_LANGUAGE_STANDARD = "gnu++14";
				CLANG_CXX_LIBRARY = "libc++";
				CLANG_ENABLE_MODULES = YES;
				CLANG_ENABLE_OBJC_ARC = YES;
				CLANG_ENABLE_OBJC_WEAK = YES;
				CLANG_WARN_BLOCK_CAPTURE_AUTORELEASING = YES;
				CLANG_WARN_BOOL_CONVERSION = YES;
				CLANG_WARN_COMMA = YES;
				CLANG_WARN_CONSTANT_CONVERSION = YES;
				CLANG_WARN_DEPRECATED_OBJC_IMPLEMENTATIONS = YES;
				CLANG_WARN_DIRECT_OBJC_ISA_USAGE = YES_ERROR;
				CLANG_WARN_DOCUMENTATION_COMMENTS = YES;
				CLANG_WARN_EMPTY_BODY = YES;
				CLANG_WARN_ENUM_CONVERSION = YES;
				CLANG_WARN_INFINITE_RECURSION = YES;
				CLANG_WARN_INT_CONVERSION = YES;
				CLANG_WARN_NON_LITERAL_NULL_CONVERSION = YES;
				CLANG_WARN_OBJC_IMPLICIT_RETAIN_SELF = YES;
				CLANG_WARN_OBJC_LITERAL_CONVERSION = YES;
				CLANG_WARN_OBJC_ROOT_CLASS = YES_ERROR;
				CLANG_WARN_RANGE_LOOP_ANALYSIS = YES;
				CLANG_WARN_STRICT_PROTOTYPES = YES;
				CLANG_WARN_SUSPICIOUS_MOVE = YES;
				CLANG_WARN_UNGUARDED_AVAILABILITY = YES_AGGRESSIVE;
				CLANG_WARN_UNREACHABLE_CODE = YES;
				CLANG_WARN__DUPLICATE_METHOD_MATCH = YES;
				COPY_PHASE_STRIP = NO;
				DEBUG_INFORMATION_FORMAT = "dwarf-with-dsym";
				ENABLE_NS_ASSERTIONS = NO;
				ENABLE_STRICT_OBJC_MSGSEND = YES;
				GCC_C_LANGUAGE_STANDARD = gnu11;
				GCC_NO_COMMON_BLOCKS = YES;
				GCC_WARN_64_TO_32_BIT_CONVERSION = YES;
				GCC_WARN_ABOUT_RETURN_TYPE = YES_ERROR;
				GCC_WARN_UNDECLARED_SELECTOR = YES;
				GCC_WARN_UNINITIALIZED_AUTOS = YES_AGGRESSIVE;
				GCC_WARN_UNUSED_FUNCTION = YES;
				GCC_WARN_UNUSED_VARIABLE = YES;
				IPHONEOS_DEPLOYMENT_TARGET = 13.6;
				MTL_ENABLE_DEBUG_INFO = NO;
				MTL_FAST_MATH = YES;
				SDKROOT = iphoneos;
				SWIFT_COMPILATION_MODE = wholemodule;
				SWIFT_OPTIMIZATION_LEVEL = "-O";
				VALIDATE_PRODUCT = YES;
			};
			name = Release;
		};
		2558EEA524D7CB59001ADE46 /* Debug */ = {
			isa = XCBuildConfiguration;
			buildSettings = {
				ASSETCATALOG_COMPILER_APPICON_NAME = AppIcon;
				CODE_SIGN_STYLE = Automatic;
				INFOPLIST_FILE = "Tip Calculator/Info.plist";
				LD_RUNPATH_SEARCH_PATHS = (
					"$(inherited)",
					"@executable_path/Frameworks",
				);
				PRODUCT_BUNDLE_IDENTIFIER = "lelionbear.Tip-Calculator";
				PRODUCT_NAME = "$(TARGET_NAME)";
				SWIFT_VERSION = 5.0;
				TARGETED_DEVICE_FAMILY = "1,2";
			};
			name = Debug;
		};
		2558EEA624D7CB59001ADE46 /* Release */ = {
			isa = XCBuildConfiguration;
			buildSettings = {
				ASSETCATALOG_COMPILER_APPICON_NAME = AppIcon;
				CODE_SIGN_STYLE = Automatic;
				INFOPLIST_FILE = "Tip Calculator/Info.plist";
				LD_RUNPATH_SEARCH_PATHS = (
					"$(inherited)",
					"@executable_path/Frameworks",
				);
				PRODUCT_BUNDLE_IDENTIFIER = "lelionbear.Tip-Calculator";
				PRODUCT_NAME = "$(TARGET_NAME)";
				SWIFT_VERSION = 5.0;
				TARGETED_DEVICE_FAMILY = "1,2";
			};
			name = Release;
		};
		2558EEA824D7CB59001ADE46 /* Debug */ = {
			isa = XCBuildConfiguration;
			buildSettings = {
				ALWAYS_EMBED_SWIFT_STANDARD_LIBRARIES = YES;
				BUNDLE_LOADER = "$(TEST_HOST)";
				CODE_SIGN_STYLE = Automatic;
				INFOPLIST_FILE = "Tip CalculatorTests/Info.plist";
				IPHONEOS_DEPLOYMENT_TARGET = 13.6;
				LD_RUNPATH_SEARCH_PATHS = (
					"$(inherited)",
					"@executable_path/Frameworks",
					"@loader_path/Frameworks",
				);
				PRODUCT_BUNDLE_IDENTIFIER = "lelionbear.Tip-CalculatorTests";
				PRODUCT_NAME = "$(TARGET_NAME)";
				SWIFT_VERSION = 5.0;
				TARGETED_DEVICE_FAMILY = "1,2";
				TEST_HOST = "$(BUILT_PRODUCTS_DIR)/Tip Calculator.app/Tip Calculator";
			};
			name = Debug;
		};
		2558EEA924D7CB59001ADE46 /* Release */ = {
			isa = XCBuildConfiguration;
			buildSettings = {
				ALWAYS_EMBED_SWIFT_STANDARD_LIBRARIES = YES;
				BUNDLE_LOADER = "$(TEST_HOST)";
				CODE_SIGN_STYLE = Automatic;
				INFOPLIST_FILE = "Tip CalculatorTests/Info.plist";
				IPHONEOS_DEPLOYMENT_TARGET = 13.6;
				LD_RUNPATH_SEARCH_PATHS = (
					"$(inherited)",
					"@executable_path/Frameworks",
					"@loader_path/Frameworks",
				);
				PRODUCT_BUNDLE_IDENTIFIER = "lelionbear.Tip-CalculatorTests";
				PRODUCT_NAME = "$(TARGET_NAME)";
				SWIFT_VERSION = 5.0;
				TARGETED_DEVICE_FAMILY = "1,2";
				TEST_HOST = "$(BUILT_PRODUCTS_DIR)/Tip Calculator.app/Tip Calculator";
			};
			name = Release;
		};
		2558EEAB24D7CB59001ADE46 /* Debug */ = {
			isa = XCBuildConfiguration;
			buildSettings = {
				ALWAYS_EMBED_SWIFT_STANDARD_LIBRARIES = YES;
				CODE_SIGN_STYLE = Automatic;
				INFOPLIST_FILE = "Tip CalculatorUITests/Info.plist";
				LD_RUNPATH_SEARCH_PATHS = (
					"$(inherited)",
					"@executable_path/Frameworks",
					"@loader_path/Frameworks",
				);
				PRODUCT_BUNDLE_IDENTIFIER = "lelionbear.Tip-CalculatorUITests";
				PRODUCT_NAME = "$(TARGET_NAME)";
				SWIFT_VERSION = 5.0;
				TARGETED_DEVICE_FAMILY = "1,2";
				TEST_TARGET_NAME = "Tip Calculator";
			};
			name = Debug;
		};
		2558EEAC24D7CB59001ADE46 /* Release */ = {
			isa = XCBuildConfiguration;
			buildSettings = {
				ALWAYS_EMBED_SWIFT_STANDARD_LIBRARIES = YES;
				CODE_SIGN_STYLE = Automatic;
				INFOPLIST_FILE = "Tip CalculatorUITests/Info.plist";
				LD_RUNPATH_SEARCH_PATHS = (
					"$(inherited)",
					"@executable_path/Frameworks",
					"@loader_path/Frameworks",
				);
				PRODUCT_BUNDLE_IDENTIFIER = "lelionbear.Tip-CalculatorUITests";
				PRODUCT_NAME = "$(TARGET_NAME)";
				SWIFT_VERSION = 5.0;
				TARGETED_DEVICE_FAMILY = "1,2";
				TEST_TARGET_NAME = "Tip Calculator";
			};
			name = Release;
		};
/* End XCBuildConfiguration section */

/* Begin XCConfigurationList section */
		2558EE7524D7CB55001ADE46 /* Build configuration list for PBXProject "Tip Calculator" */ = {
			isa = XCConfigurationList;
			buildConfigurations = (
				2558EEA224D7CB59001ADE46 /* Debug */,
				2558EEA324D7CB59001ADE46 /* Release */,
			);
			defaultConfigurationIsVisible = 0;
			defaultConfigurationName = Release;
		};
		2558EEA424D7CB59001ADE46 /* Build configuration list for PBXNativeTarget "Tip Calculator" */ = {
			isa = XCConfigurationList;
			buildConfigurations = (
				2558EEA524D7CB59001ADE46 /* Debug */,
				2558EEA624D7CB59001ADE46 /* Release */,
			);
			defaultConfigurationIsVisible = 0;
			defaultConfigurationName = Release;
		};
		2558EEA724D7CB59001ADE46 /* Build configuration list for PBXNativeTarget "Tip CalculatorTests" */ = {
			isa = XCConfigurationList;
			buildConfigurations = (
				2558EEA824D7CB59001ADE46 /* Debug */,
				2558EEA924D7CB59001ADE46 /* Release */,
			);
			defaultConfigurationIsVisible = 0;
			defaultConfigurationName = Release;
		};
		2558EEAA24D7CB59001ADE46 /* Build configuration list for PBXNativeTarget "Tip CalculatorUITests" */ = {
			isa = XCConfigurationList;
			buildConfigurations = (
				2558EEAB24D7CB59001ADE46 /* Debug */,
				2558EEAC24D7CB59001ADE46 /* Release */,
			);
			defaultConfigurationIsVisible = 0;
			defaultConfigurationName = Release;
		};
/* End XCConfigurationList section */
	};
	rootObject = 2558EE7224D7CB55001ADE46 /* Project object */;
}
